
Microsoft Visual Studio Solution File, Format Version 12.00
# Visual Studio Version 17
VisualStudioVersion = 17.8.34322.80
MinimumVisualStudioVersion = 10.0.40219.1
Project("{FAE04EC0-301F-11D3-BF4B-00C04F79EFBC}") = "OpenClosePrincip", "OpenClosePrincip\OpenClosePrincip.csproj", "{A846232A-B44F-4197-83A1-8A8C50F27D96}"
EndProject
Global
	GlobalSection(SolutionConfigurationPlatforms) = preSolution
		Debug|Any CPU = Debug|Any CPU
		Release|Any CPU = Release|Any CPU
	EndGlobalSection
	GlobalSection(ProjectConfigurationPlatforms) = postSolution
		{A846232A-B44F-4197-83A1-8A8C50F27D96}.Debug|Any CPU.ActiveCfg = Debug|Any CPU
		{A846232A-B44F-4197-83A1-8A8C50F27D96}.Debug|Any CPU.Build.0 = Debug|Any CPU
		{A846232A-B44F-4197-83A1-8A8C50F27D96}.Release|Any CPU.ActiveCfg = Release|Any CPU
		{A846232A-B44F-4197-83A1-8A8C50F27D96}.Release|Any CPU.Build.0 = Release|Any CPU
	EndGlobalSection
	GlobalSection(SolutionProperties) = preSolution
		HideSolutionNode = FALSE
	EndGlobalSection
	GlobalSection(ExtensibilityGlobals) = postSolution
		SolutionGuid = {01B0DCDD-B7FE-49D6-A961-EFF1F190A0AB}
	EndGlobalSection
EndGlobal
